<?xml version="1.0" encoding="utf-8"?>
<Project ToolsVersion="4.0" xmlns="http://schemas.microsoft.com/developer/msbuild/2003">
  <ItemGroup>
    <Filter Include="Header files">
      <UniqueIdentifier>{eae4bf8e-0b0d-4d92-ab37-75fd692cb7d4}</UniqueIdentifier>
    </Filter>
    <Filter Include="Source files">
      <UniqueIdentifier>{18b8c7c5-1f5e-4a8d-91ec-f371222ebab9}</UniqueIdentifier>
    </Filter>
  </ItemGroup>
  <ItemGroup>
    <ClCompile Include="CAudio.cpp">
      <Filter>Source files</Filter>
    </ClCompile>
    <ClCompile Include="CAudioStream.cpp">
      <Filter>Source files</Filter>
    </ClCompile>
    <ClCompile Include="CCamera.cpp">
      <Filter>Source files</Filter>
    </ClCompile>
    <ClCompile Include="CChat.cpp">
      <Filter>Source files</Filter>
    </ClCompile>
    <ClCompile Include="CChatBubble.cpp">
      <Filter>Source files</Filter>
    </ClCompile>
    <ClCompile Include="CConfig.cpp">
      <Filter>Source files</Filter>
    </ClCompile>
    <ClCompile Include="CDeathWindow.cpp">
      <Filter>Source files</Filter>
    </ClCompile>
    <ClCompile Include="CDialog.cpp">
      <Filter>Source files</Filter>
    </ClCompile>
    <ClCompile Include="CEntity.cpp">
      <Filter>Source files</Filter>
    </ClCompile>
    <ClCompile Include="CFont.cpp">
      <Filter>Source files</Filter>
    </ClCompile>
    <ClCompile Include="CFonts.cpp">
      <Filter>Source files</Filter>
    </ClCompile>
    <ClCompile Include="CGame.cpp">
      <Filter>Source files</Filter>
    </ClCompile>
    <ClCompile Include="CGangZonePool.cpp">
      <Filter>Source files</Filter>
    </ClCompile>
    <ClCompile Include="CHelpDialog.cpp">
      <Filter>Source files</Filter>
    </ClCompile>
    <ClCompile Include="CHttpClient.cpp">
      <Filter>Source files</Filter>
    </ClCompile>
    <ClCompile Include="CInput.cpp">
      <Filter>Source files</Filter>
    </ClCompile>
    <ClCompile Include="CLabel.cpp">
      <Filter>Source files</Filter>
    </ClCompile>
    <ClCompile Include="CLabelPool.cpp">
      <Filter>Source files</Filter>
    </ClCompile>
    <ClCompile Include="CLicensePlate.cpp">
      <Filter>Source files</Filter>
    </ClCompile>
    <ClCompile Include="CLocalPlayer.cpp">
      <Filter>Source files</Filter>
    </ClCompile>
    <ClCompile Include="CMenu.cpp">
      <Filter>Source files</Filter>
    </ClCompile>
    <ClCompile Include="CMenuPool.cpp">
      <Filter>Source files</Filter>
    </ClCompile>
    <ClCompile Include="CNetGame.cpp">
      <Filter>Source files</Filter>
    </ClCompile>
    <ClCompile Include="CNetStats.cpp">
      <Filter>Source files</Filter>
    </ClCompile>
    <ClCompile Include="CObject.cpp">
      <Filter>Source files</Filter>
    </ClCompile>
    <ClCompile Include="CObjectMaterialText.cpp">
      <Filter>Source files</Filter>
    </ClCompile>
    <ClCompile Include="CObjectPool.cpp">
      <Filter>Source files</Filter>
    </ClCompile>
    <ClCompile Include="CObjectSelection.cpp">
      <Filter>Source files</Filter>
    </ClCompile>
    <ClCompile Include="Commands.cpp">
      <Filter>Source files</Filter>
    </ClCompile>
    <ClCompile Include="CPed.cpp">
      <Filter>Source files</Filter>
    </ClCompile>
    <ClCompile Include="CPickupPool.cpp">
      <Filter>Source files</Filter>
    </ClCompile>
    <ClCompile Include="CPlayerInfo.cpp">
      <Filter>Source files</Filter>
    </ClCompile>
    <ClCompile Include="CPlayerPool.cpp">
      <Filter>Source files</Filter>
    </ClCompile>
    <ClCompile Include="CPlayerTags.cpp">
      <Filter>Source files</Filter>
    </ClCompile>
    <ClCompile Include="CRemotePlayer.cpp">
      <Filter>Source files</Filter>
    </ClCompile>
    <ClCompile Include="CScoreboard.cpp">
      <Filter>Source files</Filter>
    </ClCompile>
    <ClCompile Include="CSpawnScreen.cpp">
      <Filter>Source files</Filter>
    </ClCompile>
    <ClCompile Include="CSrvNetStats.cpp">
      <Filter>Source files</Filter>
    </ClCompile>
    <ClCompile Include="CTextDraw.cpp">
      <Filter>Source files</Filter>
    </ClCompile>
    <ClCompile Include="CTextDrawPool.cpp">
      <Filter>Source files</Filter>
    </ClCompile>
    <ClCompile Include="CTextDrawSelection.cpp">
      <Filter>Source files</Filter>
    </ClCompile>
    <ClCompile Include="CVehicle.cpp">
      <Filter>Source files</Filter>
    </ClCompile>
    <ClCompile Include="CVehiclePool.cpp">
      <Filter>Source files</Filter>
    </ClCompile>
    <ClCompile Include="DebugScript.cpp">
      <Filter>Source files</Filter>
    </ClCompile>
    <ClCompile Include="Exception.cpp">
      <Filter>Source files</Filter>
    </ClCompile>
    <ClCompile Include="GUI.cpp">
      <Filter>Source files</Filter>
    </ClCompile>
    <ClCompile Include="KeyStuff.cpp">
      <Filter>Source files</Filter>
    </ClCompile>
    <ClCompile Include="Scripting.cpp">
      <Filter>Source files</Filter>
    </ClCompile>
    <ClCompile Include="Settings.cpp">
      <Filter>Source files</Filter>
    </ClCompile>
    <ClCompile Include="AimStuff.cpp">
      <Filter>Source files</Filter>
    </ClCompile>
    <ClCompile Include="CActor.cpp">
      <Filter>Source files</Filter>
    </ClCompile>
    <ClCompile Include="CActorPool.cpp">
      <Filter>Source files</Filter>
    </ClCompile>
    <ClCompile Include="CVector.cpp">
      <Filter>Source files</Filter>
    </ClCompile>
    <ClCompile Include="common.cpp">
      <Filter>Source files</Filter>
    </ClCompile>
    <ClCompile Include="CRect.cpp">
      <Filter>Source files</Filter>
    </ClCompile>
  </ItemGroup>
  <ItemGroup>
    <ClInclude Include="CVehicle.h">
      <Filter>Header files</Filter>
    </ClInclude>
    <ClInclude Include="CVehiclePool.h">
      <Filter>Header files</Filter>
    </ClInclude>
    <ClInclude Include="DebugScript.h">
      <Filter>Header files</Filter>
    </ClInclude>
    <ClInclude Include="Exception.h">
      <Filter>Header files</Filter>
    </ClInclude>
    <ClInclude Include="GUI.h">
      <Filter>Header files</Filter>
    </ClInclude>
    <ClInclude Include="KeyStuff.h">
      <Filter>Header files</Filter>
    </ClInclude>
    <ClInclude Include="Packets.h">
      <Filter>Header files</Filter>
    </ClInclude>
    <ClInclude Include="Scripting.h">
      <Filter>Header files</Filter>
    </ClInclude>
    <ClInclude Include="Settings.h">
      <Filter>Header files</Filter>
    </ClInclude>
    <ClInclude Include="SpecialAction.h">
      <Filter>Header files</Filter>
    </ClInclude>
    <ClInclude Include="AimStuff.h">
      <Filter>Header files</Filter>
    </ClInclude>
    <ClInclude Include="Animation.h">
      <Filter>Header files</Filter>
    </ClInclude>
    <ClInclude Include="CActor.h">
      <Filter>Header files</Filter>
    </ClInclude>
    <ClInclude Include="CActorPool.h">
      <Filter>Header files</Filter>
    </ClInclude>
    <ClInclude Include="CAudio.h">
      <Filter>Header files</Filter>
    </ClInclude>
    <ClInclude Include="CAudioStream.h">
      <Filter>Header files</Filter>
    </ClInclude>
    <ClInclude Include="CCamera.h">
      <Filter>Header files</Filter>
    </ClInclude>
    <ClInclude Include="CChat.h">
      <Filter>Header files</Filter>
    </ClInclude>
    <ClInclude Include="CChatBubble.h">
      <Filter>Header files</Filter>
    </ClInclude>
    <ClInclude Include="CConfig.h">
      <Filter>Header files</Filter>
    </ClInclude>
    <ClInclude Include="CDeathWindow.h">
      <Filter>Header files</Filter>
    </ClInclude>
    <ClInclude Include="CDialog.h">
      <Filter>Header files</Filter>
    </ClInclude>
    <ClInclude Include="CEntity.h">
      <Filter>Header files</Filter>
    </ClInclude>
    <ClInclude Include="CFont.h">
      <Filter>Header files</Filter>
    </ClInclude>
    <ClInclude Include="CFonts.h">
      <Filter>Header files</Filter>
    </ClInclude>
    <ClInclude Include="CGame.h">
      <Filter>Header files</Filter>
    </ClInclude>
    <ClInclude Include="CGangZonePool.h">
      <Filter>Header files</Filter>
    </ClInclude>
    <ClInclude Include="CHelpDialog.h">
      <Filter>Header files</Filter>
    </ClInclude>
    <ClInclude Include="CHttpClient.h">
      <Filter>Header files</Filter>
    </ClInclude>
    <ClInclude Include="CInput.h">
      <Filter>Header files</Filter>
    </ClInclude>
    <ClInclude Include="CLabel.h">
      <Filter>Header files</Filter>
    </ClInclude>
    <ClInclude Include="CLabelPool.h">
      <Filter>Header files</Filter>
    </ClInclude>
    <ClInclude Include="CLicensePlate.h">
      <Filter>Header files</Filter>
    </ClInclude>
    <ClInclude Include="CLocalPlayer.h">
      <Filter>Header files</Filter>
    </ClInclude>
    <ClInclude Include="CMenu.h">
      <Filter>Header files</Filter>
    </ClInclude>
    <ClInclude Include="CMenuPool.h">
      <Filter>Header files</Filter>
    </ClInclude>
    <ClInclude Include="CNetGame.h">
      <Filter>Header files</Filter>
    </ClInclude>
    <ClInclude Include="CNetStats.h">
      <Filter>Header files</Filter>
    </ClInclude>
    <ClInclude Include="CObject.h">
      <Filter>Header files</Filter>
    </ClInclude>
    <ClInclude Include="CObjectMaterialText.h">
      <Filter>Header files</Filter>
    </ClInclude>
    <ClInclude Include="CObjectPool.h">
      <Filter>Header files</Filter>
    </ClInclude>
    <ClInclude Include="CObjectSelection.h">
      <Filter>Header files</Filter>
    </ClInclude>
    <ClInclude Include="Commands.h">
      <Filter>Header files</Filter>
    </ClInclude>
    <ClInclude Include="ControllerState.h">
      <Filter>Header files</Filter>
    </ClInclude>
    <ClInclude Include="CPed.h">
      <Filter>Header files</Filter>
    </ClInclude>
    <ClInclude Include="CPickupPool.h">
      <Filter>Header files</Filter>
    </ClInclude>
    <ClInclude Include="CPlayerInfo.h">
      <Filter>Header files</Filter>
    </ClInclude>
    <ClInclude Include="CPlayerPool.h">
      <Filter>Header files</Filter>
    </ClInclude>
    <ClInclude Include="CPlayerTags.h">
      <Filter>Header files</Filter>
    </ClInclude>
    <ClInclude Include="CRemotePlayer.h">
      <Filter>Header files</Filter>
    </ClInclude>
    <ClInclude Include="CScoreboard.h">
      <Filter>Header files</Filter>
    </ClInclude>
    <ClInclude Include="CSpawnScreen.h">
      <Filter>Header files</Filter>
    </ClInclude>
    <ClInclude Include="CSrvNetStats.h">
      <Filter>Header files</Filter>
    </ClInclude>
    <ClInclude Include="CTextDraw.h">
      <Filter>Header files</Filter>
    </ClInclude>
    <ClInclude Include="CTextDrawPool.h">
      <Filter>Header files</Filter>
    </ClInclude>
    <ClInclude Include="CTextDrawSelection.h">
      <Filter>Header files</Filter>
    </ClInclude>
    <ClInclude Include="CMatrix.h">
      <Filter>Header files</Filter>
    </ClInclude>
    <ClInclude Include="common.h">
      <Filter>Header files</Filter>
    </ClInclude>
    <ClInclude Include="CRect.h">
      <Filter>Header files</Filter>
    </ClInclude>
    <ClInclude Include="CVector.h">
      <Filter>Header files</Filter>
    </ClInclude>
  </ItemGroup>
</Project>